
Microsoft Visual Studio Solution File, Format Version 12.00
# Visual Studio Version 17
VisualStudioVersion = 17.0.31903.59
MinimumVisualStudioVersion = 10.0.40219.1
Project("{FAE04EC0-301F-11D3-BF4B-00C04F79EFBC}") = "Domain", "Domain\Domain.csproj", "{1623CD99-A18A-4692-95A1-EF4EFC9B6409}"
EndProject
Project("{FAE04EC0-301F-11D3-BF4B-00C04F79EFBC}") = "Infrastructure", "Infrastructure\Infrastructure.csproj", "{B29AC0EF-F54A-4E9F-A7FF-7D02DD9028E6}"
EndProject
Project("{FAE04EC0-301F-11D3-BF4B-00C04F79EFBC}") = "Application", "Application\Application.csproj", "{C7B08E95-09A9-4D41-A082-367165B791CD}"
EndProject
Project("{FAE04EC0-301F-11D3-BF4B-00C04F79EFBC}") = "API", "API\API.csproj", "{9E5645CB-8D52-47EE-AFC2-2DB24B9F642C}"
EndProject
Global
	GlobalSection(SolutionConfigurationPlatforms) = preSolution
		Debug|Any CPU = Debug|Any CPU
		Release|Any CPU = Release|Any CPU
	EndGlobalSection
	GlobalSection(SolutionProperties) = preSolution
		HideSolutionNode = FALSE
	EndGlobalSection
	GlobalSection(ProjectConfigurationPlatforms) = postSolution
		{1623CD99-A18A-4692-95A1-EF4EFC9B6409}.Debug|Any CPU.ActiveCfg = Debug|Any CPU
		{1623CD99-A18A-4692-95A1-EF4EFC9B6409}.Debug|Any CPU.Build.0 = Debug|Any CPU
		{1623CD99-A18A-4692-95A1-EF4EFC9B6409}.Release|Any CPU.ActiveCfg = Release|Any CPU
		{1623CD99-A18A-4692-95A1-EF4EFC9B6409}.Release|Any CPU.Build.0 = Release|Any CPU
		{B29AC0EF-F54A-4E9F-A7FF-7D02DD9028E6}.Debug|Any CPU.ActiveCfg = Debug|Any CPU
		{B29AC0EF-F54A-4E9F-A7FF-7D02DD9028E6}.Debug|Any CPU.Build.0 = Debug|Any CPU
		{B29AC0EF-F54A-4E9F-A7FF-7D02DD9028E6}.Release|Any CPU.ActiveCfg = Release|Any CPU
		{B29AC0EF-F54A-4E9F-A7FF-7D02DD9028E6}.Release|Any CPU.Build.0 = Release|Any CPU
		{C7B08E95-09A9-4D41-A082-367165B791CD}.Debug|Any CPU.ActiveCfg = Debug|Any CPU
		{C7B08E95-09A9-4D41-A082-367165B791CD}.Debug|Any CPU.Build.0 = Debug|Any CPU
		{C7B08E95-09A9-4D41-A082-367165B791CD}.Release|Any CPU.ActiveCfg = Release|Any CPU
		{C7B08E95-09A9-4D41-A082-367165B791CD}.Release|Any CPU.Build.0 = Release|Any CPU
		{9E5645CB-8D52-47EE-AFC2-2DB24B9F642C}.Debug|Any CPU.ActiveCfg = Debug|Any CPU
		{9E5645CB-8D52-47EE-AFC2-2DB24B9F642C}.Debug|Any CPU.Build.0 = Debug|Any CPU
		{9E5645CB-8D52-47EE-AFC2-2DB24B9F642C}.Release|Any CPU.ActiveCfg = Release|Any CPU
		{9E5645CB-8D52-47EE-AFC2-2DB24B9F642C}.Release|Any CPU.Build.0 = Release|Any CPU
	EndGlobalSection
EndGlobal
